{"1.2.0",
[{<<"aten">>,{pkg,<<"aten">>,<<"0.5.8">>},2},
 {<<"erlexec">>,{pkg,<<"erlexec">>,<<"2.0.2">>},0},
 {<<"gen_batch_server">>,{pkg,<<"gen_batch_server">>,<<"0.8.8">>},2},
 {<<"horus">>,{pkg,<<"horus">>,<<"0.2.3">>},1},
 {<<"khepri">>,{pkg,<<"khepri">>,<<"0.7.0">>},0},
 {<<"mochiweb">>,{pkg,<<"mochiweb">>,<<"3.1.2">>},0},
 {<<"ra">>,{pkg,<<"ra">>,<<"2.5.1">>},1},
 {<<"seshat">>,{pkg,<<"seshat">>,<<"0.4.0">>},2},
 {<<"thoas">>,{pkg,<<"thoas">>,<<"1.0.0">>},0}]}.
[
{pkg_hash,[
 {<<"aten">>, <<"B5C97F48517C4F37F26A519AA57A00A31FF1B8EA4324EC1CAE27F818ED5C0DB2">>},
 {<<"erlexec">>, <<"995E40477DE94C37EC1264CC3E52EB6273938E80C9BCC4F94110A3F1C0D9ABA3">>},
 {<<"gen_batch_server">>, <<"7840A1FA63EE1EFFC83E8A91D22664847A2BA1192D30EAFFFD914ACB51578068">>},
 {<<"horus">>, <<"A8AC0E7B335B83860ECECFA12EE4CB50289A15A515175BEF804A9C0D06C619B5">>},
 {<<"khepri">>, <<"5CB9B1D35051DAEAF6308BFC64446A4BC2DEAAAE39C619DFB890B6CCFF8F45AF">>},
 {<<"mochiweb">>, <<"D872D470DBBA367171A38C41592B19DE370854E74C8621BF0C6FE39B17CDD1CF">>},
 {<<"ra">>, <<"9EE208B7CD229B34F67C56B6BEFAD0E906C5B37C6175DB9C76C00B1BC0CF82D8">>},
 {<<"seshat">>, <<"1D5DC4294E36B8745245AB2649E24E39D7B6B1209D7A6484F2B8D706C35C9814">>},
 {<<"thoas">>, <<"567C03902920827A18A89F05B79A37B5BF93553154B883E0131801600CF02CE0">>}]},
{pkg_hash_ext,[
 {<<"aten">>, <<"64D40A8CF0DDFEA4E13AF00B7327F0925147F83612D0627D9506CBFFE90C13EF">>},
 {<<"erlexec">>, <<"CC829A7C6C23D399832DA2E998EA5EBC552232A6FE3EB1EDB400178EC8287DCB">>},
 {<<"gen_batch_server">>, <<"C3E6A1A2A0FB62AEE631A98CFA0FD8903E9562422CBF72043953E2FB1D203017">>},
 {<<"horus">>, <<"0CA6AA70A348F73EF0B78F498C82F9C29F49B45D5915B890945A1C326A216C10">>},
 {<<"khepri">>, <<"784D90A578340E137BF7E2C8D1F1F45E59D6E13262804A841BF9E709E7505954">>},
 {<<"mochiweb">>, <<"A8609035711F9264E8ABE54312D1B1645374B9E08986AE06E979BB0AC8B99F9F">>},
 {<<"ra">>, <<"13B03F02CF6C1837C527EDD4A953F0C09DA0ABAD0AF6985B64BFD66943C4C5C3">>},
 {<<"seshat">>, <<"2C3DEEC7FF86E0D0C05EDEBD3455C8363123C227BE292FFFFC1A05EEC08BFF63">>},
 {<<"thoas">>, <<"FC763185B932ECB32A554FB735EE03C3B6B1B31366077A2427D2A97F3BD26735">>}]}
].
